
Microsoft Visual Studio Solution File, Format Version 11.00
# Visual Studio 2010
Project("{FAE04EC0-301F-11D3-BF4B-00C04F79EFBC}") = "Assembly-CSharp", "Assembly-CSharp.csproj", "{CF434FDF-F472-6099-0934-8E9F9BEF8244}"
EndProject
Project("{FAE04EC0-301F-11D3-BF4B-00C04F79EFBC}") = "Assembly-CSharp-firstpass", "Assembly-CSharp-firstpass.csproj", "{B63D1931-18BD-B0CF-B1ED-FFAC59688F0A}"
EndProject
Project("{FAE04EC0-301F-11D3-BF4B-00C04F79EFBC}") = "Assembly-CSharp-Editor", "Assembly-CSharp-Editor.csproj", "{C6A003C2-0583-0257-ABB2-1E2B8AC985E0}"
EndProject
Project("{FAE04EC0-301F-11D3-BF4B-00C04F79EFBC}") = "Assembly-CSharp-Editor-firstpass", "Assembly-CSharp-Editor-firstpass.csproj", "{8BC01E49-0F18-D2A9-3A56-FED5893F9D60}"
EndProject
Global
	GlobalSection(SolutionConfigurationPlatforms) = preSolution
		Debug|Any CPU = Debug|Any CPU
		Release|Any CPU = Release|Any CPU
	EndGlobalSection
	GlobalSection(ProjectConfigurationPlatforms) = postSolution
		{CF434FDF-F472-6099-0934-8E9F9BEF8244}.Debug|Any CPU.ActiveCfg = Debug|Any CPU
		{CF434FDF-F472-6099-0934-8E9F9BEF8244}.Debug|Any CPU.Build.0 = Debug|Any CPU
		{CF434FDF-F472-6099-0934-8E9F9BEF8244}.Release|Any CPU.ActiveCfg = Release|Any CPU
		{CF434FDF-F472-6099-0934-8E9F9BEF8244}.Release|Any CPU.Build.0 = Release|Any CPU
		{B63D1931-18BD-B0CF-B1ED-FFAC59688F0A}.Debug|Any CPU.ActiveCfg = Debug|Any CPU
		{B63D1931-18BD-B0CF-B1ED-FFAC59688F0A}.Debug|Any CPU.Build.0 = Debug|Any CPU
		{B63D1931-18BD-B0CF-B1ED-FFAC59688F0A}.Release|Any CPU.ActiveCfg = Release|Any CPU
		{B63D1931-18BD-B0CF-B1ED-FFAC59688F0A}.Release|Any CPU.Build.0 = Release|Any CPU
		{C6A003C2-0583-0257-ABB2-1E2B8AC985E0}.Debug|Any CPU.ActiveCfg = Debug|Any CPU
		{C6A003C2-0583-0257-ABB2-1E2B8AC985E0}.Debug|Any CPU.Build.0 = Debug|Any CPU
		{C6A003C2-0583-0257-ABB2-1E2B8AC985E0}.Release|Any CPU.ActiveCfg = Release|Any CPU
		{C6A003C2-0583-0257-ABB2-1E2B8AC985E0}.Release|Any CPU.Build.0 = Release|Any CPU
		{8BC01E49-0F18-D2A9-3A56-FED5893F9D60}.Debug|Any CPU.ActiveCfg = Debug|Any CPU
		{8BC01E49-0F18-D2A9-3A56-FED5893F9D60}.Debug|Any CPU.Build.0 = Debug|Any CPU
		{8BC01E49-0F18-D2A9-3A56-FED5893F9D60}.Release|Any CPU.ActiveCfg = Release|Any CPU
		{8BC01E49-0F18-D2A9-3A56-FED5893F9D60}.Release|Any CPU.Build.0 = Release|Any CPU
	EndGlobalSection
	GlobalSection(SolutionProperties) = preSolution
		HideSolutionNode = FALSE
	EndGlobalSection
EndGlobal
